
Microsoft Visual Studio Solution File, Format Version 12.00
# Visual Studio Version 17
VisualStudioVersion = 17.0.32126.317
MinimumVisualStudioVersion = 10.0.40219.1
Project("{FAE04EC0-301F-11D3-BF4B-00C04F79EFBC}") = "test-api", "test-api\test-api.csproj", "{A0152B2C-3D30-4DBE-ADDB-0196E383B927}"
EndProject
Global
	GlobalSection(SolutionConfigurationPlatforms) = preSolution
		Debug|Any CPU = Debug|Any CPU
		Release|Any CPU = Release|Any CPU
	EndGlobalSection
	GlobalSection(ProjectConfigurationPlatforms) = postSolution
		{A0152B2C-3D30-4DBE-ADDB-0196E383B927}.Debug|Any CPU.ActiveCfg = Debug|Any CPU
		{A0152B2C-3D30-4DBE-ADDB-0196E383B927}.Debug|Any CPU.Build.0 = Debug|Any CPU
		{A0152B2C-3D30-4DBE-ADDB-0196E383B927}.Release|Any CPU.ActiveCfg = Release|Any CPU
		{A0152B2C-3D30-4DBE-ADDB-0196E383B927}.Release|Any CPU.Build.0 = Release|Any CPU
	EndGlobalSection
	GlobalSection(SolutionProperties) = preSolution
		HideSolutionNode = FALSE
	EndGlobalSection
	GlobalSection(ExtensibilityGlobals) = postSolution
		SolutionGuid = {9F2632F8-2C75-4EFC-BE4D-5FF372DCDD16}
	EndGlobalSection
EndGlobal
